{
  "lockfileVersion": 1,
  "configVersion": 1,
  "workspaces": {
    "": {
      "name": "tokens",
      "devDependencies": {
        "@biomejs/biome": "2.3.8",
        "@tsconfig/bun": "1.0.10",
        "@types/bun": "latest",
        "@withfig/autocomplete-types": "1.31.0",
      },
      "peerDependencies": {
        "typescript": "^5.0.0",
      },
    },
  },
  "packages": {
    "@biomejs/biome": ["@biomejs/biome@2.3.8", "", { "optionalDependencies": { "@biomejs/cli-darwin-arm64": "2.3.8", "@biomejs/cli-darwin-x64": "2.3.8", "@biomejs/cli-linux-arm64": "2.3.8", "@biomejs/cli-linux-arm64-musl": "2.3.8", "@biomejs/cli-linux-x64": "2.3.8", "@biomejs/cli-linux-x64-musl": "2.3.8", "@biomejs/cli-win32-arm64": "2.3.8", "@biomejs/cli-win32-x64": "2.3.8" }, "bin": { "biome": "bin/biome" } }, "sha512-Qjsgoe6FEBxWAUzwFGFrB+1+M8y/y5kwmg5CHac+GSVOdmOIqsAiXM5QMVGZJ1eCUCLlPZtq4aFAQ0eawEUuUA=="],

    "@biomejs/cli-darwin-arm64": ["@biomejs/cli-darwin-arm64@2.3.8", "", { "os": "darwin", "cpu": "arm64" }, "sha512-HM4Zg9CGQ3txTPflxD19n8MFPrmUAjaC7PQdLkugeeC0cQ+PiVrd7i09gaBS/11QKsTDBJhVg85CEIK9f50Qww=="],

    "@biomejs/cli-darwin-x64": ["@biomejs/cli-darwin-x64@2.3.8", "", { "os": "darwin", "cpu": "x64" }, "sha512-lUDQ03D7y/qEao7RgdjWVGCu+BLYadhKTm40HkpJIi6kn8LSv5PAwRlew/DmwP4YZ9ke9XXoTIQDO1vAnbRZlA=="],

    "@biomejs/cli-linux-arm64": ["@biomejs/cli-linux-arm64@2.3.8", "", { "os": "linux", "cpu": "arm64" }, "sha512-Uo1OJnIkJgSgF+USx970fsM/drtPcQ39I+JO+Fjsaa9ZdCN1oysQmy6oAGbyESlouz+rzEckLTF6DS7cWse95g=="],

    "@biomejs/cli-linux-arm64-musl": ["@biomejs/cli-linux-arm64-musl@2.3.8", "", { "os": "linux", "cpu": "arm64" }, "sha512-PShR4mM0sjksUMyxbyPNMxoKFPVF48fU8Qe8Sfx6w6F42verbwRLbz+QiKNiDPRJwUoMG1nPM50OBL3aOnTevA=="],

    "@biomejs/cli-linux-x64": ["@biomejs/cli-linux-x64@2.3.8", "", { "os": "linux", "cpu": "x64" }, "sha512-QDPMD5bQz6qOVb3kiBui0zKZXASLo0NIQ9JVJio5RveBEFgDgsvJFUvZIbMbUZT3T00M/1wdzwWXk4GIh0KaAw=="],

    "@biomejs/cli-linux-x64-musl": ["@biomejs/cli-linux-x64-musl@2.3.8", "", { "os": "linux", "cpu": "x64" }, "sha512-YGLkqU91r1276uwSjiUD/xaVikdxgV1QpsicT0bIA1TaieM6E5ibMZeSyjQ/izBn4tKQthUSsVZacmoJfa3pDA=="],

    "@biomejs/cli-win32-arm64": ["@biomejs/cli-win32-arm64@2.3.8", "", { "os": "win32", "cpu": "arm64" }, "sha512-H4IoCHvL1fXKDrTALeTKMiE7GGWFAraDwBYFquE/L/5r1927Te0mYIGseXi4F+lrrwhSWbSGt5qPFswNoBaCxg=="],

    "@biomejs/cli-win32-x64": ["@biomejs/cli-win32-x64@2.3.8", "", { "os": "win32", "cpu": "x64" }, "sha512-RguzimPoZWtBapfKhKjcWXBVI91tiSprqdBYu7tWhgN8pKRZhw24rFeNZTNf6UiBfjCYCi9eFQs/JzJZIhuK4w=="],

    "@tsconfig/bun": ["@tsconfig/bun@1.0.10", "", {}, "sha512-5AV5YknQjNyoYzZ/8NG0dawqew/wH+x7ANiCfCIn29qo0cdbd1EryvFD1k5NSZWLBMOI/fGqMIaxi58GPIP9Cg=="],

    "@types/bun": ["@types/bun@1.3.13", "", { "dependencies": { "bun-types": "1.3.13" } }, "sha512-9fqXWk5YIHGGnUau9TEi+qdlTYDAnOj+xLCmSTwXfAIqXr2x4tytJb43E9uCvt09zJURKXwAtkoH4nLQfzeTXw=="],

    "@types/node": ["@types/node@25.6.0", "", { "dependencies": { "undici-types": "~7.19.0" } }, "sha512-+qIYRKdNYJwY3vRCZMdJbPLJAtGjQBudzZzdzwQYkEPQd+PJGixUL5QfvCLDaULoLv+RhT3LDkwEfKaAkgSmNQ=="],

    "@withfig/autocomplete-types": ["@withfig/autocomplete-types@1.31.0", "", {}, "sha512-TSZDo5jvEaeIHqmHY6Wkd3gBqVbxcHQVdkF6N1J8CXRBuQZpjUVci15/HPNYe0nKLvsomBWIRsTP3m1zr9pv3A=="],

    "bun-types": ["bun-types@1.3.13", "", { "dependencies": { "@types/node": "*" } }, "sha512-QXKeHLlOLqQX9LgYaHJfzdBaV21T63HhFJnvuRCcjZiaUDpbs5ED1MgxbMra71CsryN/1dAoXuJJJwIv/2drVA=="],

    "typescript": ["typescript@5.9.3", "", { "bin": { "tsc": "bin/tsc", "tsserver": "bin/tsserver" } }, "sha512-jl1vZzPDinLr9eUt3J/t7V6FgNEw9QjvBPdysz9KfQDD41fQrC2Y4vKQdiaUpFT4bXlb1RHhLpp8wtm6M5TgSw=="],

    "undici-types": ["undici-types@7.19.2", "", {}, "sha512-qYVnV5OEm2AW8cJMCpdV20CDyaN3g0AjDlOGf1OW4iaDEx8MwdtChUp4zu4H0VP3nDRF/8RKWH+IPp9uW0YGZg=="],
  }
}
